
Microsoft Visual Studio Solution File, Format Version 12.00
# Visual Studio 2012
Project("{8BC9CEB8-8B4A-11D0-8D11-00A0C91BC942}") = "quiq_sort", "quiq_sort.vcxproj", "{ACDBE0A1-C12D-40F1-88E0-5DF3EE2C10A6}"
EndProject
Global
	GlobalSection(SolutionConfigurationPlatforms) = preSolution
		Debug|Win32 = Debug|Win32
		Release|Win32 = Release|Win32
	EndGlobalSection
	GlobalSection(ProjectConfigurationPlatforms) = postSolution
		{ACDBE0A1-C12D-40F1-88E0-5DF3EE2C10A6}.Debug|Win32.ActiveCfg = Debug|Win32
		{ACDBE0A1-C12D-40F1-88E0-5DF3EE2C10A6}.Debug|Win32.Build.0 = Debug|Win32
		{ACDBE0A1-C12D-40F1-88E0-5DF3EE2C10A6}.Release|Win32.ActiveCfg = Release|Win32
		{ACDBE0A1-C12D-40F1-88E0-5DF3EE2C10A6}.Release|Win32.Build.0 = Release|Win32
	EndGlobalSection
	GlobalSection(SolutionProperties) = preSolution
		HideSolutionNode = FALSE
	EndGlobalSection
EndGlobal
